
Microsoft Visual Studio Solution File, Format Version 12.00
# Visual Studio Version 17
VisualStudioVersion = 17.0.31903.59
MinimumVisualStudioVersion = 10.0.40219.1
Project("{9A19103F-16F7-4668-BE54-9A1E7A4F7556}") = "Ordering", "src\Services\Ordering\Ordering.csproj", "{D29DF276-8F98-4BF4-8E44-A9966C4C78AF}"
EndProject
Project("{9A19103F-16F7-4668-BE54-9A1E7A4F7556}") = "Delivery", "src\Services\Delivery\Delivery.csproj", "{EA6430B6-5A0E-4B96-BD8D-7CA3934B71CE}"
EndProject
Project("{9A19103F-16F7-4668-BE54-9A1E7A4F7556}") = "Ordering.UnitTests", "tests\Ordering.UnitTests\Ordering.UnitTests.csproj", "{6CB2A922-0CA0-4695-B6D2-11D6D582AB9D}"
EndProject
Project("{9A19103F-16F7-4668-BE54-9A1E7A4F7556}") = "Delivery.UnitTests", "tests\Delivery.UnitTests\Delivery.UnitTests.csproj", "{282FE123-3A8C-4980-A6D8-C65AA633D1F3}"
EndProject
Project("{2150E333-8FDC-42A3-9474-1A3956D46DE8}") = "src", "src", "{4824BD0D-7449-4B9E-97ED-9BCA8655641D}"
EndProject
Project("{2150E333-8FDC-42A3-9474-1A3956D46DE8}") = "tests", "tests", "{9B4720D6-D79D-4719-AE12-7ADB6BE71AA8}"
EndProject
Project("{2150E333-8FDC-42A3-9474-1A3956D46DE8}") = "ApiGateway", "ApiGateway", "{E54C0C13-585E-436B-9628-2867F70C62ED}"
EndProject
Project("{2150E333-8FDC-42A3-9474-1A3956D46DE8}") = "Services", "Services", "{3722399D-CAEE-4C50-B073-5968C5AE18DE}"
EndProject
Project("{9A19103F-16F7-4668-BE54-9A1E7A4F7556}") = "YARPGateway", "src\ApiGateway\YARPGateway\YARPGateway.csproj", "{CF8E4CAE-A8D3-4CCB-9CC1-351E7BF2DA89}"
EndProject
Project("{2150E333-8FDC-42A3-9474-1A3956D46DE8}") = "WebClient", "WebClient", "{1E40DA96-1779-4F72-B617-474161C7EBE2}"
EndProject
Project("{9A19103F-16F7-4668-BE54-9A1E7A4F7556}") = "WebClient", "src\WebClient\WebClient.csproj", "{C8F81A86-FB63-47E9-AE03-C97CB1E4CF9B}"
EndProject
Project("{9A19103F-16F7-4668-BE54-9A1E7A4F7556}") = "Catalog", "src\Services\Catalog\Catalog.csproj", "{039764A6-D44D-4928-A045-CE46A828F6DD}"
EndProject
Project("{9A19103F-16F7-4668-BE54-9A1E7A4F7556}") = "Basket", "src\Services\Basket\Basket.csproj", "{82ED476A-9F33-44D7-80A2-195BB748DF8B}"
EndProject
Project("{9A19103F-16F7-4668-BE54-9A1E7A4F7556}") = "Basket.UnitTests", "tests\Basket.UnitTests\Basket.UnitTests.csproj", "{AAFA38B5-EE1B-40F1-BED1-ED94DC6BFE9A}"
EndProject
Project("{9A19103F-16F7-4668-BE54-9A1E7A4F7556}") = "Catalog.UnitTests", "tests\Catalog.UnitTests\Catalog.UnitTests.csproj", "{CD124B6D-C919-43C5-AB6C-6C5C64C05B6E}"
EndProject
Project("{9A19103F-16F7-4668-BE54-9A1E7A4F7556}") = "Identity", "src\Services\Identity\Identity.csproj", "{34117ECE-70A1-44E5-8FC7-136040DB9578}"
EndProject
Project("{9A19103F-16F7-4668-BE54-9A1E7A4F7556}") = "Identity.UnitTests", "tests\Identity.UnitTests\Identity.UnitTests.csproj", "{19D8013C-61FD-4FA5-AB47-DE4250146BAA}"
EndProject
Project("{FAE04EC0-301F-11D3-BF4B-00C04F79EFBC}") = "FoodDelivery.AppHost", "aspire\FoodDelivery.AppHost\FoodDelivery.AppHost.csproj", "{9F148D87-50DA-4433-8DF4-C74F9395EF20}"
EndProject
Project("{FAE04EC0-301F-11D3-BF4B-00C04F79EFBC}") = "FoodDelivery.ServiceDefaults", "aspire\FoodDelivery.ServiceDefaults\FoodDelivery.ServiceDefaults.csproj", "{3E5AAAC5-AB5C-1D63-A971-F8A48F7E20D0}"
EndProject
Project("{2150E333-8FDC-42A3-9474-1A3956D46DE8}") = "aspire", "aspire", "{02EA681E-C7D8-13C7-8484-4AC65E1B71E8}"
EndProject
Project("{FAE04EC0-301F-11D3-BF4B-00C04F79EFBC}") = "Identity.Migration", "src\Services\Identity.Migration\Identity.Migration.csproj", "{8F5FAC22-379A-82E7-B475-97AF70A49797}"
EndProject
Global
	GlobalSection(SolutionConfigurationPlatforms) = preSolution
		Debug|Any CPU = Debug|Any CPU
		Release|Any CPU = Release|Any CPU
	EndGlobalSection
	GlobalSection(ProjectConfigurationPlatforms) = postSolution
		{D29DF276-8F98-4BF4-8E44-A9966C4C78AF}.Debug|Any CPU.ActiveCfg = Debug|Any CPU
		{D29DF276-8F98-4BF4-8E44-A9966C4C78AF}.Debug|Any CPU.Build.0 = Debug|Any CPU
		{D29DF276-8F98-4BF4-8E44-A9966C4C78AF}.Release|Any CPU.ActiveCfg = Release|Any CPU
		{D29DF276-8F98-4BF4-8E44-A9966C4C78AF}.Release|Any CPU.Build.0 = Release|Any CPU
		{EA6430B6-5A0E-4B96-BD8D-7CA3934B71CE}.Debug|Any CPU.ActiveCfg = Debug|Any CPU
		{EA6430B6-5A0E-4B96-BD8D-7CA3934B71CE}.Debug|Any CPU.Build.0 = Debug|Any CPU
		{EA6430B6-5A0E-4B96-BD8D-7CA3934B71CE}.Release|Any CPU.ActiveCfg = Release|Any CPU
		{EA6430B6-5A0E-4B96-BD8D-7CA3934B71CE}.Release|Any CPU.Build.0 = Release|Any CPU
		{6CB2A922-0CA0-4695-B6D2-11D6D582AB9D}.Debug|Any CPU.ActiveCfg = Debug|Any CPU
		{6CB2A922-0CA0-4695-B6D2-11D6D582AB9D}.Debug|Any CPU.Build.0 = Debug|Any CPU
		{6CB2A922-0CA0-4695-B6D2-11D6D582AB9D}.Release|Any CPU.ActiveCfg = Release|Any CPU
		{6CB2A922-0CA0-4695-B6D2-11D6D582AB9D}.Release|Any CPU.Build.0 = Release|Any CPU
		{282FE123-3A8C-4980-A6D8-C65AA633D1F3}.Debug|Any CPU.ActiveCfg = Debug|Any CPU
		{282FE123-3A8C-4980-A6D8-C65AA633D1F3}.Debug|Any CPU.Build.0 = Debug|Any CPU
		{282FE123-3A8C-4980-A6D8-C65AA633D1F3}.Release|Any CPU.ActiveCfg = Release|Any CPU
		{282FE123-3A8C-4980-A6D8-C65AA633D1F3}.Release|Any CPU.Build.0 = Release|Any CPU
		{CF8E4CAE-A8D3-4CCB-9CC1-351E7BF2DA89}.Debug|Any CPU.ActiveCfg = Debug|Any CPU
		{CF8E4CAE-A8D3-4CCB-9CC1-351E7BF2DA89}.Debug|Any CPU.Build.0 = Debug|Any CPU
		{CF8E4CAE-A8D3-4CCB-9CC1-351E7BF2DA89}.Release|Any CPU.ActiveCfg = Release|Any CPU
		{CF8E4CAE-A8D3-4CCB-9CC1-351E7BF2DA89}.Release|Any CPU.Build.0 = Release|Any CPU
		{C8F81A86-FB63-47E9-AE03-C97CB1E4CF9B}.Debug|Any CPU.ActiveCfg = Debug|Any CPU
		{C8F81A86-FB63-47E9-AE03-C97CB1E4CF9B}.Debug|Any CPU.Build.0 = Debug|Any CPU
		{C8F81A86-FB63-47E9-AE03-C97CB1E4CF9B}.Release|Any CPU.ActiveCfg = Release|Any CPU
		{C8F81A86-FB63-47E9-AE03-C97CB1E4CF9B}.Release|Any CPU.Build.0 = Release|Any CPU
		{039764A6-D44D-4928-A045-CE46A828F6DD}.Debug|Any CPU.ActiveCfg = Debug|Any CPU
		{039764A6-D44D-4928-A045-CE46A828F6DD}.Debug|Any CPU.Build.0 = Debug|Any CPU
		{039764A6-D44D-4928-A045-CE46A828F6DD}.Release|Any CPU.ActiveCfg = Release|Any CPU
		{039764A6-D44D-4928-A045-CE46A828F6DD}.Release|Any CPU.Build.0 = Release|Any CPU
		{82ED476A-9F33-44D7-80A2-195BB748DF8B}.Debug|Any CPU.ActiveCfg = Debug|Any CPU
		{82ED476A-9F33-44D7-80A2-195BB748DF8B}.Debug|Any CPU.Build.0 = Debug|Any CPU
		{82ED476A-9F33-44D7-80A2-195BB748DF8B}.Release|Any CPU.ActiveCfg = Release|Any CPU
		{82ED476A-9F33-44D7-80A2-195BB748DF8B}.Release|Any CPU.Build.0 = Release|Any CPU
		{AAFA38B5-EE1B-40F1-BED1-ED94DC6BFE9A}.Debug|Any CPU.ActiveCfg = Debug|Any CPU
		{AAFA38B5-EE1B-40F1-BED1-ED94DC6BFE9A}.Debug|Any CPU.Build.0 = Debug|Any CPU
		{AAFA38B5-EE1B-40F1-BED1-ED94DC6BFE9A}.Release|Any CPU.ActiveCfg = Release|Any CPU
		{AAFA38B5-EE1B-40F1-BED1-ED94DC6BFE9A}.Release|Any CPU.Build.0 = Release|Any CPU
		{CD124B6D-C919-43C5-AB6C-6C5C64C05B6E}.Debug|Any CPU.ActiveCfg = Debug|Any CPU
		{CD124B6D-C919-43C5-AB6C-6C5C64C05B6E}.Debug|Any CPU.Build.0 = Debug|Any CPU
		{CD124B6D-C919-43C5-AB6C-6C5C64C05B6E}.Release|Any CPU.ActiveCfg = Release|Any CPU
		{CD124B6D-C919-43C5-AB6C-6C5C64C05B6E}.Release|Any CPU.Build.0 = Release|Any CPU
		{34117ECE-70A1-44E5-8FC7-136040DB9578}.Debug|Any CPU.ActiveCfg = Debug|Any CPU
		{34117ECE-70A1-44E5-8FC7-136040DB9578}.Debug|Any CPU.Build.0 = Debug|Any CPU
		{34117ECE-70A1-44E5-8FC7-136040DB9578}.Release|Any CPU.ActiveCfg = Release|Any CPU
		{34117ECE-70A1-44E5-8FC7-136040DB9578}.Release|Any CPU.Build.0 = Release|Any CPU
		{19D8013C-61FD-4FA5-AB47-DE4250146BAA}.Debug|Any CPU.ActiveCfg = Debug|Any CPU
		{19D8013C-61FD-4FA5-AB47-DE4250146BAA}.Debug|Any CPU.Build.0 = Debug|Any CPU
		{19D8013C-61FD-4FA5-AB47-DE4250146BAA}.Release|Any CPU.ActiveCfg = Release|Any CPU
		{19D8013C-61FD-4FA5-AB47-DE4250146BAA}.Release|Any CPU.Build.0 = Release|Any CPU
		{9F148D87-50DA-4433-8DF4-C74F9395EF20}.Debug|Any CPU.ActiveCfg = Debug|Any CPU
		{9F148D87-50DA-4433-8DF4-C74F9395EF20}.Debug|Any CPU.Build.0 = Debug|Any CPU
		{9F148D87-50DA-4433-8DF4-C74F9395EF20}.Release|Any CPU.ActiveCfg = Release|Any CPU
		{9F148D87-50DA-4433-8DF4-C74F9395EF20}.Release|Any CPU.Build.0 = Release|Any CPU
		{3E5AAAC5-AB5C-1D63-A971-F8A48F7E20D0}.Debug|Any CPU.ActiveCfg = Debug|Any CPU
		{3E5AAAC5-AB5C-1D63-A971-F8A48F7E20D0}.Debug|Any CPU.Build.0 = Debug|Any CPU
		{3E5AAAC5-AB5C-1D63-A971-F8A48F7E20D0}.Release|Any CPU.ActiveCfg = Release|Any CPU
		{3E5AAAC5-AB5C-1D63-A971-F8A48F7E20D0}.Release|Any CPU.Build.0 = Release|Any CPU
		{8F5FAC22-379A-82E7-B475-97AF70A49797}.Debug|Any CPU.ActiveCfg = Debug|Any CPU
		{8F5FAC22-379A-82E7-B475-97AF70A49797}.Debug|Any CPU.Build.0 = Debug|Any CPU
		{8F5FAC22-379A-82E7-B475-97AF70A49797}.Release|Any CPU.ActiveCfg = Release|Any CPU
		{8F5FAC22-379A-82E7-B475-97AF70A49797}.Release|Any CPU.Build.0 = Release|Any CPU
	EndGlobalSection
	GlobalSection(SolutionProperties) = preSolution
		HideSolutionNode = FALSE
	EndGlobalSection
	GlobalSection(NestedProjects) = preSolution
		{D29DF276-8F98-4BF4-8E44-A9966C4C78AF} = {3722399D-CAEE-4C50-B073-5968C5AE18DE}
		{EA6430B6-5A0E-4B96-BD8D-7CA3934B71CE} = {3722399D-CAEE-4C50-B073-5968C5AE18DE}
		{6CB2A922-0CA0-4695-B6D2-11D6D582AB9D} = {9B4720D6-D79D-4719-AE12-7ADB6BE71AA8}
		{282FE123-3A8C-4980-A6D8-C65AA633D1F3} = {9B4720D6-D79D-4719-AE12-7ADB6BE71AA8}
		{E54C0C13-585E-436B-9628-2867F70C62ED} = {4824BD0D-7449-4B9E-97ED-9BCA8655641D}
		{3722399D-CAEE-4C50-B073-5968C5AE18DE} = {4824BD0D-7449-4B9E-97ED-9BCA8655641D}
		{CF8E4CAE-A8D3-4CCB-9CC1-351E7BF2DA89} = {E54C0C13-585E-436B-9628-2867F70C62ED}
		{1E40DA96-1779-4F72-B617-474161C7EBE2} = {4824BD0D-7449-4B9E-97ED-9BCA8655641D}
		{C8F81A86-FB63-47E9-AE03-C97CB1E4CF9B} = {1E40DA96-1779-4F72-B617-474161C7EBE2}
		{039764A6-D44D-4928-A045-CE46A828F6DD} = {3722399D-CAEE-4C50-B073-5968C5AE18DE}
		{82ED476A-9F33-44D7-80A2-195BB748DF8B} = {3722399D-CAEE-4C50-B073-5968C5AE18DE}
		{AAFA38B5-EE1B-40F1-BED1-ED94DC6BFE9A} = {9B4720D6-D79D-4719-AE12-7ADB6BE71AA8}
		{CD124B6D-C919-43C5-AB6C-6C5C64C05B6E} = {9B4720D6-D79D-4719-AE12-7ADB6BE71AA8}
		{34117ECE-70A1-44E5-8FC7-136040DB9578} = {3722399D-CAEE-4C50-B073-5968C5AE18DE}
		{19D8013C-61FD-4FA5-AB47-DE4250146BAA} = {9B4720D6-D79D-4719-AE12-7ADB6BE71AA8}
		{9F148D87-50DA-4433-8DF4-C74F9395EF20} = {02EA681E-C7D8-13C7-8484-4AC65E1B71E8}
		{3E5AAAC5-AB5C-1D63-A971-F8A48F7E20D0} = {02EA681E-C7D8-13C7-8484-4AC65E1B71E8}
		{8F5FAC22-379A-82E7-B475-97AF70A49797} = {3722399D-CAEE-4C50-B073-5968C5AE18DE}
	EndGlobalSection
	GlobalSection(ExtensibilityGlobals) = postSolution
		SolutionGuid = {8EE3DA88-65F8-49B7-8793-7FF08124B794}
	EndGlobalSection
EndGlobal
